// !$*UTF8*$!
{
	archiveVersion = 1;
	classes = {
	};
	objectVersion = 55;
	objects = {

/* Begin PBXBuildFile section */
		1D0EB52029DDCA9800767D8B /* UIImage + Extension.swift in Sources */ = {isa = PBXBuildFile; fileRef = 1D0EB51F29DDCA9800767D8B /* UIImage + Extension.swift */; };
		1D0EB52229DDCCFE00767D8B /* TrackerRecord.swift in Sources */ = {isa = PBXBuildFile; fileRef = 1D0EB52129DDCCFD00767D8B /* TrackerRecord.swift */; };
		1D42ACCF29EACE7400CC44BB /* ScheduleViewController.swift in Sources */ = {isa = PBXBuildFile; fileRef = 1D42ACCE29EACE7400CC44BB /* ScheduleViewController.swift */; };
		1D42ACD129EACEFC00CC44BB /* ScheduleCell.swift in Sources */ = {isa = PBXBuildFile; fileRef = 1D42ACD029EACEFC00CC44BB /* ScheduleCell.swift */; };
		1D42ACD529EAEFDB00CC44BB /* ScheduleProtocols.swift in Sources */ = {isa = PBXBuildFile; fileRef = 1D42ACD429EAEFDB00CC44BB /* ScheduleProtocols.swift */; };
		1D42ACD729EB0DEC00CC44BB /* CategoriesProtocols.swift in Sources */ = {isa = PBXBuildFile; fileRef = 1D42ACD629EB0DEC00CC44BB /* CategoriesProtocols.swift */; };
		1D42ACD929EC1FC100CC44BB /* HabitOrEvent + Views.swift in Sources */ = {isa = PBXBuildFile; fileRef = 1D42ACD829EC1FC100CC44BB /* HabitOrEvent + Views.swift */; };
		1D42ACDB29EC233800CC44BB /* HabitOrEvent + CollectionViewDataSource.swift in Sources */ = {isa = PBXBuildFile; fileRef = 1D42ACDA29EC233800CC44BB /* HabitOrEvent + CollectionViewDataSource.swift */; };
		1D42ACDD29EC30D500CC44BB /* String + Extension.swift in Sources */ = {isa = PBXBuildFile; fileRef = 1D42ACDC29EC30D500CC44BB /* String + Extension.swift */; };
		1D42ACDF29EC317700CC44BB /* HabitOrEventEmojiCell.swift in Sources */ = {isa = PBXBuildFile; fileRef = 1D42ACDE29EC317700CC44BB /* HabitOrEventEmojiCell.swift */; };
		1D42ACE129EC36D300CC44BB /* HabitOrEventColorCell.swift in Sources */ = {isa = PBXBuildFile; fileRef = 1D42ACE029EC36D300CC44BB /* HabitOrEventColorCell.swift */; };
		1D42ACE329EC7F4200CC44BB /* HabitOrEventSupplementaryView.swift in Sources */ = {isa = PBXBuildFile; fileRef = 1D42ACE229EC7F4200CC44BB /* HabitOrEventSupplementaryView.swift */; };
		1D42ACE529EC84EC00CC44BB /* HabitOrEvent + CollectionViewDelegate.swift in Sources */ = {isa = PBXBuildFile; fileRef = 1D42ACE429EC84EC00CC44BB /* HabitOrEvent + CollectionViewDelegate.swift */; };
		1DAC26C729DBA067007A54AB /* TrackersCell.swift in Sources */ = {isa = PBXBuildFile; fileRef = 1DAC26C629DBA067007A54AB /* TrackersCell.swift */; };
		1DAC26C929DDA767007A54AB /* TrackersSupplementaryView.swift in Sources */ = {isa = PBXBuildFile; fileRef = 1DAC26C829DDA767007A54AB /* TrackersSupplementaryView.swift */; };
		1DB41E902A04146800FB0F97 /* TrackerStore.swift in Sources */ = {isa = PBXBuildFile; fileRef = 1DB41E8F2A04146800FB0F97 /* TrackerStore.swift */; };
		1DB41E922A04147400FB0F97 /* TrackerCategoryStore.swift in Sources */ = {isa = PBXBuildFile; fileRef = 1DB41E912A04147400FB0F97 /* TrackerCategoryStore.swift */; };
		1DB41E942A04147F00FB0F97 /* TrackerRecordStore.swift in Sources */ = {isa = PBXBuildFile; fileRef = 1DB41E932A04147F00FB0F97 /* TrackerRecordStore.swift */; };
		1DB41E9A2A0456B700FB0F97 /* Model.xcdatamodeld in Sources */ = {isa = PBXBuildFile; fileRef = 1DB41E982A0456B700FB0F97 /* Model.xcdatamodeld */; };
		1DB41E9C2A0486D200FB0F97 /* WeekDay.swift in Sources */ = {isa = PBXBuildFile; fileRef = 1DB41E9B2A0486D200FB0F97 /* WeekDay.swift */; };
		1DB41E9E2A048FB100FB0F97 /* UIColorMarshalling.swift in Sources */ = {isa = PBXBuildFile; fileRef = 1DB41E9D2A048FB100FB0F97 /* UIColorMarshalling.swift */; };
		1DB41EA02A091E3F00FB0F97 /* WeekDayStore.swift in Sources */ = {isa = PBXBuildFile; fileRef = 1DB41E9F2A091E3F00FB0F97 /* WeekDayStore.swift */; };
		1DB41EF72A0FCDD900FB0F97 /* OnboardingViewController.swift in Sources */ = {isa = PBXBuildFile; fileRef = 1DB41EF62A0FCDD900FB0F97 /* OnboardingViewController.swift */; };
		1DB41EF92A0FCF8800FB0F97 /* FirstPageViewController.swift in Sources */ = {isa = PBXBuildFile; fileRef = 1DB41EF82A0FCF8800FB0F97 /* FirstPageViewController.swift */; };
		1DB41EFB2A0FCF9100FB0F97 /* SecondPageViewController.swift in Sources */ = {isa = PBXBuildFile; fileRef = 1DB41EFA2A0FCF9100FB0F97 /* SecondPageViewController.swift */; };
		1DB41F1F2A13E5F500FB0F97 /* TrackersViewModel.swift in Sources */ = {isa = PBXBuildFile; fileRef = 1DB41F1E2A13E5F500FB0F97 /* TrackersViewModel.swift */; };
		1DB41F212A13E60200FB0F97 /* TrackersCellViewModel.swift in Sources */ = {isa = PBXBuildFile; fileRef = 1DB41F202A13E60200FB0F97 /* TrackersCellViewModel.swift */; };
		1DB41F232A14213400FB0F97 /* Observable @pw.swift in Sources */ = {isa = PBXBuildFile; fileRef = 1DB41F222A14213400FB0F97 /* Observable @pw.swift */; };
		1DB41F252A1592A800FB0F97 /* TrackersSupplementaryViewModel.swift in Sources */ = {isa = PBXBuildFile; fileRef = 1DB41F242A1592A800FB0F97 /* TrackersSupplementaryViewModel.swift */; };
		1DB41F282A16B7C700FB0F97 /* Tracker.swift in Sources */ = {isa = PBXBuildFile; fileRef = 1DB41F272A16B7C700FB0F97 /* Tracker.swift */; };
		1DB41F2A2A16B7D300FB0F97 /* TrackerCategory.swift in Sources */ = {isa = PBXBuildFile; fileRef = 1DB41F292A16B7D300FB0F97 /* TrackerCategory.swift */; };
		1DB41F2C2A16B82800FB0F97 /* DaysOfTheWeek.swift in Sources */ = {isa = PBXBuildFile; fileRef = 1DB41F2B2A16B82800FB0F97 /* DaysOfTheWeek.swift */; };
		1DC177D729E2EBCB00953BF2 /* NewTrackerViewController.swift in Sources */ = {isa = PBXBuildFile; fileRef = 1DC177D629E2EBCB00953BF2 /* NewTrackerViewController.swift */; };
		1DC177DD29E30F2300953BF2 /* HabitOrEventViewController.swift in Sources */ = {isa = PBXBuildFile; fileRef = 1DC177DC29E30F2300953BF2 /* HabitOrEventViewController.swift */; };
		1DC177E129E5B5B100953BF2 /* HabitOrEventCell.swift in Sources */ = {isa = PBXBuildFile; fileRef = 1DC177E029E5B5B100953BF2 /* HabitOrEventCell.swift */; };
		1DC7D8A629ECCA1C00D9DC8A /* HabitOrEvent + TableViewDataSource.swift in Sources */ = {isa = PBXBuildFile; fileRef = 1DC7D8A529ECCA1C00D9DC8A /* HabitOrEvent + TableViewDataSource.swift */; };
		1DC7D8A829ECCA3200D9DC8A /* HabitOrEvent + TableViewDelegate.swift in Sources */ = {isa = PBXBuildFile; fileRef = 1DC7D8A729ECCA3200D9DC8A /* HabitOrEvent + TableViewDelegate.swift */; };
		1DC7D8AA29ED9D5000D9DC8A /* Date + Extension.swift in Sources */ = {isa = PBXBuildFile; fileRef = 1DC7D8A929ED9D5000D9DC8A /* Date + Extension.swift */; };
		1DC7D8AC29F068CB00D9DC8A /* TrackersCellDelegateProtocol.swift in Sources */ = {isa = PBXBuildFile; fileRef = 1DC7D8AB29F068CA00D9DC8A /* TrackersCellDelegateProtocol.swift */; };
		1DC8DAAA29E828F900F6D39E /* CategoriesViewController.swift in Sources */ = {isa = PBXBuildFile; fileRef = 1DC8DAA929E828F900F6D39E /* CategoriesViewController.swift */; };
		1DC8DAAE29E852B600F6D39E /* UITextField + Extension.swift in Sources */ = {isa = PBXBuildFile; fileRef = 1DC8DAAD29E852B600F6D39E /* UITextField + Extension.swift */; };
		1DC8DAB829E8C10700F6D39E /* LaunchScreen.storyboard in Resources */ = {isa = PBXBuildFile; fileRef = 1DC8DAB729E8C10700F6D39E /* LaunchScreen.storyboard */; };
		1DC8DABA29E8CD6200F6D39E /* NewCategoryViewController.swift in Sources */ = {isa = PBXBuildFile; fileRef = 1DC8DAB929E8CD6200F6D39E /* NewCategoryViewController.swift */; };
		1DC8DABC29E8D82200F6D39E /* UIViewController + Extenstion.swift in Sources */ = {isa = PBXBuildFile; fileRef = 1DC8DABB29E8D82200F6D39E /* UIViewController + Extenstion.swift */; };
		1DC8DABE29E988B500F6D39E /* UIView + Extension.swift in Sources */ = {isa = PBXBuildFile; fileRef = 1DC8DABD29E988B500F6D39E /* UIView + Extension.swift */; };
		1DC8DAC029E9A00C00F6D39E /* CategoriesCell.swift in Sources */ = {isa = PBXBuildFile; fileRef = 1DC8DABF29E9A00C00F6D39E /* CategoriesCell.swift */; };
		1DD7C1F629DB19810085B6A7 /* AppDelegate.swift in Sources */ = {isa = PBXBuildFile; fileRef = 1DD7C1F529DB19810085B6A7 /* AppDelegate.swift */; };
		1DD7C1F829DB19810085B6A7 /* SceneDelegate.swift in Sources */ = {isa = PBXBuildFile; fileRef = 1DD7C1F729DB19810085B6A7 /* SceneDelegate.swift */; };
		1DD7C1FA29DB19810085B6A7 /* TrackersViewController.swift in Sources */ = {isa = PBXBuildFile; fileRef = 1DD7C1F929DB19810085B6A7 /* TrackersViewController.swift */; };
		1DD7C1FF29DB19830085B6A7 /* Assets.xcassets in Resources */ = {isa = PBXBuildFile; fileRef = 1DD7C1FE29DB19830085B6A7 /* Assets.xcassets */; };
		1DD7C20D29DB29120085B6A7 /* TabBarController.swift in Sources */ = {isa = PBXBuildFile; fileRef = 1DD7C20C29DB29120085B6A7 /* TabBarController.swift */; };
		1DD7C21129DB29AC0085B6A7 /* StatisticViewController.swift in Sources */ = {isa = PBXBuildFile; fileRef = 1DD7C21029DB29AC0085B6A7 /* StatisticViewController.swift */; };
		1DD7C21329DB2BCF0085B6A7 /* Constants.swift in Sources */ = {isa = PBXBuildFile; fileRef = 1DD7C21229DB2BCF0085B6A7 /* Constants.swift */; };
		1DD7C21529DB2C820085B6A7 /* UIColor + Extension.swift in Sources */ = {isa = PBXBuildFile; fileRef = 1DD7C21429DB2C820085B6A7 /* UIColor + Extension.swift */; };
/* End PBXBuildFile section */

/* Begin PBXFileReference section */
		1D0EB51F29DDCA9800767D8B /* UIImage + Extension.swift */ = {isa = PBXFileReference; lastKnownFileType = sourcecode.swift; path = "UIImage + Extension.swift"; sourceTree = "<group>"; };
		1D0EB52129DDCCFD00767D8B /* TrackerRecord.swift */ = {isa = PBXFileReference; lastKnownFileType = sourcecode.swift; path = TrackerRecord.swift; sourceTree = "<group>"; };
		1D42ACCE29EACE7400CC44BB /* ScheduleViewController.swift */ = {isa = PBXFileReference; lastKnownFileType = sourcecode.swift; path = ScheduleViewController.swift; sourceTree = "<group>"; };
		1D42ACD029EACEFC00CC44BB /* ScheduleCell.swift */ = {isa = PBXFileReference; lastKnownFileType = sourcecode.swift; path = ScheduleCell.swift; sourceTree = "<group>"; };
		1D42ACD429EAEFDB00CC44BB /* ScheduleProtocols.swift */ = {isa = PBXFileReference; lastKnownFileType = sourcecode.swift; path = ScheduleProtocols.swift; sourceTree = "<group>"; };
		1D42ACD629EB0DEC00CC44BB /* CategoriesProtocols.swift */ = {isa = PBXFileReference; lastKnownFileType = sourcecode.swift; path = CategoriesProtocols.swift; sourceTree = "<group>"; };
		1D42ACD829EC1FC100CC44BB /* HabitOrEvent + Views.swift */ = {isa = PBXFileReference; lastKnownFileType = sourcecode.swift; path = "HabitOrEvent + Views.swift"; sourceTree = "<group>"; };
		1D42ACDA29EC233800CC44BB /* HabitOrEvent + CollectionViewDataSource.swift */ = {isa = PBXFileReference; lastKnownFileType = sourcecode.swift; path = "HabitOrEvent + CollectionViewDataSource.swift"; sourceTree = "<group>"; };
		1D42ACDC29EC30D500CC44BB /* String + Extension.swift */ = {isa = PBXFileReference; lastKnownFileType = sourcecode.swift; path = "String + Extension.swift"; sourceTree = "<group>"; };
		1D42ACDE29EC317700CC44BB /* HabitOrEventEmojiCell.swift */ = {isa = PBXFileReference; lastKnownFileType = sourcecode.swift; path = HabitOrEventEmojiCell.swift; sourceTree = "<group>"; };
		1D42ACE029EC36D300CC44BB /* HabitOrEventColorCell.swift */ = {isa = PBXFileReference; lastKnownFileType = sourcecode.swift; path = HabitOrEventColorCell.swift; sourceTree = "<group>"; };
		1D42ACE229EC7F4200CC44BB /* HabitOrEventSupplementaryView.swift */ = {isa = PBXFileReference; lastKnownFileType = sourcecode.swift; path = HabitOrEventSupplementaryView.swift; sourceTree = "<group>"; };
		1D42ACE429EC84EC00CC44BB /* HabitOrEvent + CollectionViewDelegate.swift */ = {isa = PBXFileReference; lastKnownFileType = sourcecode.swift; path = "HabitOrEvent + CollectionViewDelegate.swift"; sourceTree = "<group>"; };
		1DAC26C629DBA067007A54AB /* TrackersCell.swift */ = {isa = PBXFileReference; lastKnownFileType = sourcecode.swift; path = TrackersCell.swift; sourceTree = "<group>"; };
		1DAC26C829DDA767007A54AB /* TrackersSupplementaryView.swift */ = {isa = PBXFileReference; lastKnownFileType = sourcecode.swift; path = TrackersSupplementaryView.swift; sourceTree = "<group>"; };
		1DB41E8F2A04146800FB0F97 /* TrackerStore.swift */ = {isa = PBXFileReference; lastKnownFileType = sourcecode.swift; path = TrackerStore.swift; sourceTree = "<group>"; };
		1DB41E912A04147400FB0F97 /* TrackerCategoryStore.swift */ = {isa = PBXFileReference; lastKnownFileType = sourcecode.swift; path = TrackerCategoryStore.swift; sourceTree = "<group>"; };
		1DB41E932A04147F00FB0F97 /* TrackerRecordStore.swift */ = {isa = PBXFileReference; lastKnownFileType = sourcecode.swift; path = TrackerRecordStore.swift; sourceTree = "<group>"; };
		1DB41E992A0456B700FB0F97 /* Model.xcdatamodel */ = {isa = PBXFileReference; lastKnownFileType = wrapper.xcdatamodel; path = Model.xcdatamodel; sourceTree = "<group>"; };
		1DB41E9B2A0486D200FB0F97 /* WeekDay.swift */ = {isa = PBXFileReference; lastKnownFileType = sourcecode.swift; path = WeekDay.swift; sourceTree = "<group>"; };
		1DB41E9D2A048FB100FB0F97 /* UIColorMarshalling.swift */ = {isa = PBXFileReference; lastKnownFileType = sourcecode.swift; path = UIColorMarshalling.swift; sourceTree = "<group>"; };
		1DB41E9F2A091E3F00FB0F97 /* WeekDayStore.swift */ = {isa = PBXFileReference; lastKnownFileType = sourcecode.swift; path = WeekDayStore.swift; sourceTree = "<group>"; };
		1DB41EF62A0FCDD900FB0F97 /* OnboardingViewController.swift */ = {isa = PBXFileReference; lastKnownFileType = sourcecode.swift; path = OnboardingViewController.swift; sourceTree = "<group>"; };
		1DB41EF82A0FCF8800FB0F97 /* FirstPageViewController.swift */ = {isa = PBXFileReference; lastKnownFileType = sourcecode.swift; path = FirstPageViewController.swift; sourceTree = "<group>"; };
		1DB41EFA2A0FCF9100FB0F97 /* SecondPageViewController.swift */ = {isa = PBXFileReference; lastKnownFileType = sourcecode.swift; path = SecondPageViewController.swift; sourceTree = "<group>"; };
		1DB41F1E2A13E5F500FB0F97 /* TrackersViewModel.swift */ = {isa = PBXFileReference; lastKnownFileType = sourcecode.swift; path = TrackersViewModel.swift; sourceTree = "<group>"; };
		1DB41F202A13E60200FB0F97 /* TrackersCellViewModel.swift */ = {isa = PBXFileReference; lastKnownFileType = sourcecode.swift; path = TrackersCellViewModel.swift; sourceTree = "<group>"; };
		1DB41F222A14213400FB0F97 /* Observable @pw.swift */ = {isa = PBXFileReference; lastKnownFileType = sourcecode.swift; path = "Observable @pw.swift"; sourceTree = "<group>"; };
		1DB41F242A1592A800FB0F97 /* TrackersSupplementaryViewModel.swift */ = {isa = PBXFileReference; lastKnownFileType = sourcecode.swift; path = TrackersSupplementaryViewModel.swift; sourceTree = "<group>"; };
		1DB41F272A16B7C700FB0F97 /* Tracker.swift */ = {isa = PBXFileReference; lastKnownFileType = sourcecode.swift; path = Tracker.swift; sourceTree = "<group>"; };
		1DB41F292A16B7D300FB0F97 /* TrackerCategory.swift */ = {isa = PBXFileReference; lastKnownFileType = sourcecode.swift; path = TrackerCategory.swift; sourceTree = "<group>"; };
		1DB41F2B2A16B82800FB0F97 /* DaysOfTheWeek.swift */ = {isa = PBXFileReference; lastKnownFileType = sourcecode.swift; path = DaysOfTheWeek.swift; sourceTree = "<group>"; };
		1DC177D629E2EBCB00953BF2 /* NewTrackerViewController.swift */ = {isa = PBXFileReference; lastKnownFileType = sourcecode.swift; path = NewTrackerViewController.swift; sourceTree = "<group>"; };
		1DC177DC29E30F2300953BF2 /* HabitOrEventViewController.swift */ = {isa = PBXFileReference; lastKnownFileType = sourcecode.swift; path = HabitOrEventViewController.swift; sourceTree = "<group>"; };
		1DC177E029E5B5B100953BF2 /* HabitOrEventCell.swift */ = {isa = PBXFileReference; lastKnownFileType = sourcecode.swift; path = HabitOrEventCell.swift; sourceTree = "<group>"; };
		1DC7D8A529ECCA1C00D9DC8A /* HabitOrEvent + TableViewDataSource.swift */ = {isa = PBXFileReference; lastKnownFileType = sourcecode.swift; path = "HabitOrEvent + TableViewDataSource.swift"; sourceTree = "<group>"; };
		1DC7D8A729ECCA3200D9DC8A /* HabitOrEvent + TableViewDelegate.swift */ = {isa = PBXFileReference; lastKnownFileType = sourcecode.swift; path = "HabitOrEvent + TableViewDelegate.swift"; sourceTree = "<group>"; };
		1DC7D8A929ED9D5000D9DC8A /* Date + Extension.swift */ = {isa = PBXFileReference; lastKnownFileType = sourcecode.swift; path = "Date + Extension.swift"; sourceTree = "<group>"; };
		1DC7D8AB29F068CA00D9DC8A /* TrackersCellDelegateProtocol.swift */ = {isa = PBXFileReference; lastKnownFileType = sourcecode.swift; path = TrackersCellDelegateProtocol.swift; sourceTree = "<group>"; };
		1DC8DAA929E828F900F6D39E /* CategoriesViewController.swift */ = {isa = PBXFileReference; lastKnownFileType = sourcecode.swift; path = CategoriesViewController.swift; sourceTree = "<group>"; };
		1DC8DAAD29E852B600F6D39E /* UITextField + Extension.swift */ = {isa = PBXFileReference; lastKnownFileType = sourcecode.swift; path = "UITextField + Extension.swift"; sourceTree = "<group>"; };
		1DC8DAB729E8C10700F6D39E /* LaunchScreen.storyboard */ = {isa = PBXFileReference; fileEncoding = 4; lastKnownFileType = file.storyboard; path = LaunchScreen.storyboard; sourceTree = "<group>"; };
		1DC8DAB929E8CD6200F6D39E /* NewCategoryViewController.swift */ = {isa = PBXFileReference; lastKnownFileType = sourcecode.swift; path = NewCategoryViewController.swift; sourceTree = "<group>"; };
		1DC8DABB29E8D82200F6D39E /* UIViewController + Extenstion.swift */ = {isa = PBXFileReference; lastKnownFileType = sourcecode.swift; path = "UIViewController + Extenstion.swift"; sourceTree = "<group>"; };
		1DC8DABD29E988B500F6D39E /* UIView + Extension.swift */ = {isa = PBXFileReference; lastKnownFileType = sourcecode.swift; path = "UIView + Extension.swift"; sourceTree = "<group>"; };
		1DC8DABF29E9A00C00F6D39E /* CategoriesCell.swift */ = {isa = PBXFileReference; lastKnownFileType = sourcecode.swift; path = CategoriesCell.swift; sourceTree = "<group>"; };
		1DD7C1F229DB19810085B6A7 /* Tracker.app */ = {isa = PBXFileReference; explicitFileType = wrapper.application; includeInIndex = 0; path = Tracker.app; sourceTree = BUILT_PRODUCTS_DIR; };
		1DD7C1F529DB19810085B6A7 /* AppDelegate.swift */ = {isa = PBXFileReference; lastKnownFileType = sourcecode.swift; path = AppDelegate.swift; sourceTree = "<group>"; };
		1DD7C1F729DB19810085B6A7 /* SceneDelegate.swift */ = {isa = PBXFileReference; lastKnownFileType = sourcecode.swift; path = SceneDelegate.swift; sourceTree = "<group>"; };
		1DD7C1F929DB19810085B6A7 /* TrackersViewController.swift */ = {isa = PBXFileReference; lastKnownFileType = sourcecode.swift; path = TrackersViewController.swift; sourceTree = "<group>"; };
		1DD7C1FE29DB19830085B6A7 /* Assets.xcassets */ = {isa = PBXFileReference; lastKnownFileType = folder.assetcatalog; path = Assets.xcassets; sourceTree = "<group>"; };
		1DD7C20329DB19830085B6A7 /* Info.plist */ = {isa = PBXFileReference; lastKnownFileType = text.plist.xml; path = Info.plist; sourceTree = "<group>"; };
		1DD7C20C29DB29120085B6A7 /* TabBarController.swift */ = {isa = PBXFileReference; lastKnownFileType = sourcecode.swift; path = TabBarController.swift; sourceTree = "<group>"; };
		1DD7C21029DB29AC0085B6A7 /* StatisticViewController.swift */ = {isa = PBXFileReference; lastKnownFileType = sourcecode.swift; path = StatisticViewController.swift; sourceTree = "<group>"; };
		1DD7C21229DB2BCF0085B6A7 /* Constants.swift */ = {isa = PBXFileReference; lastKnownFileType = sourcecode.swift; path = Constants.swift; sourceTree = "<group>"; };
		1DD7C21429DB2C820085B6A7 /* UIColor + Extension.swift */ = {isa = PBXFileReference; lastKnownFileType = sourcecode.swift; path = "UIColor + Extension.swift"; sourceTree = "<group>"; };
/* End PBXFileReference section */

/* Begin PBXFrameworksBuildPhase section */
		1DD7C1EF29DB19810085B6A7 /* Frameworks */ = {
			isa = PBXFrameworksBuildPhase;
			buildActionMask = 2147483647;
			files = (
			);
			runOnlyForDeploymentPostprocessing = 0;
		};
/* End PBXFrameworksBuildPhase section */

/* Begin PBXGroup section */
		1D42ACCC29EACDE500CC44BB /* Schedule */ = {
			isa = PBXGroup;
			children = (
				1D42ACCE29EACE7400CC44BB /* ScheduleViewController.swift */,
				1D42ACD029EACEFC00CC44BB /* ScheduleCell.swift */,
				1D42ACD429EAEFDB00CC44BB /* ScheduleProtocols.swift */,
			);
			path = Schedule;
			sourceTree = "<group>";
		};
		1D42ACCD29EACE4B00CC44BB /* NewCategory */ = {
			isa = PBXGroup;
			children = (
				1DC8DAB929E8CD6200F6D39E /* NewCategoryViewController.swift */,
			);
			path = NewCategory;
			sourceTree = "<group>";
		};
		1D42ACE629EC850A00CC44BB /* CollectionView Delegate + DataSource */ = {
			isa = PBXGroup;
			children = (
				1D42ACDA29EC233800CC44BB /* HabitOrEvent + CollectionViewDataSource.swift */,
				1D42ACE429EC84EC00CC44BB /* HabitOrEvent + CollectionViewDelegate.swift */,
			);
			path = "CollectionView Delegate + DataSource";
			sourceTree = "<group>";
		};
		1DB41E8E2A04144700FB0F97 /* CoreData */ = {
			isa = PBXGroup;
			children = (
				1DB41F262A16B7B200FB0F97 /* Models */,
				1DB41EA12A0920CF00FB0F97 /* Stores */,
				1DB41E982A0456B700FB0F97 /* Model.xcdatamodeld */,
			);
			path = CoreData;
			sourceTree = "<group>";
		};
		1DB41EA12A0920CF00FB0F97 /* Stores */ = {
			isa = PBXGroup;
			children = (
				1DB41E8F2A04146800FB0F97 /* TrackerStore.swift */,
				1DB41E912A04147400FB0F97 /* TrackerCategoryStore.swift */,
				1DB41E932A04147F00FB0F97 /* TrackerRecordStore.swift */,
				1DB41E9F2A091E3F00FB0F97 /* WeekDayStore.swift */,
			);
			path = Stores;
			sourceTree = "<group>";
		};
		1DB41EF52A0FCCFC00FB0F97 /* Onboarding */ = {
			isa = PBXGroup;
			children = (
				1DB41EF62A0FCDD900FB0F97 /* OnboardingViewController.swift */,
				1DB41EF82A0FCF8800FB0F97 /* FirstPageViewController.swift */,
				1DB41EFA2A0FCF9100FB0F97 /* SecondPageViewController.swift */,
			);
			path = Onboarding;
			sourceTree = "<group>";
		};
		1DB41F262A16B7B200FB0F97 /* Models */ = {
			isa = PBXGroup;
			children = (
				1DB41F272A16B7C700FB0F97 /* Tracker.swift */,
				1DB41F292A16B7D300FB0F97 /* TrackerCategory.swift */,
				1D0EB52129DDCCFD00767D8B /* TrackerRecord.swift */,
				1DB41F2B2A16B82800FB0F97 /* DaysOfTheWeek.swift */,
				1DB41E9B2A0486D200FB0F97 /* WeekDay.swift */,
			);
			path = Models;
			sourceTree = "<group>";
		};
		1DB41F2D2A16B86800FB0F97 /* ViewModels */ = {
			isa = PBXGroup;
			children = (
				1DB41F1E2A13E5F500FB0F97 /* TrackersViewModel.swift */,
				1DB41F202A13E60200FB0F97 /* TrackersCellViewModel.swift */,
				1DB41F242A1592A800FB0F97 /* TrackersSupplementaryViewModel.swift */,
			);
			path = ViewModels;
			sourceTree = "<group>";
		};
		1DC177E429E5B60200953BF2 /* NewTracker */ = {
			isa = PBXGroup;
			children = (
				1DC177D629E2EBCB00953BF2 /* NewTrackerViewController.swift */,
			);
			path = NewTracker;
			sourceTree = "<group>";
		};
		1DC7D8A229ECA2A600D9DC8A /* Cells */ = {
			isa = PBXGroup;
			children = (
				1DC177E029E5B5B100953BF2 /* HabitOrEventCell.swift */,
				1D42ACE029EC36D300CC44BB /* HabitOrEventColorCell.swift */,
				1D42ACDE29EC317700CC44BB /* HabitOrEventEmojiCell.swift */,
			);
			path = Cells;
			sourceTree = "<group>";
		};
		1DC7D8A329ECA2C500D9DC8A /* SupplementaryView */ = {
			isa = PBXGroup;
			children = (
				1D42ACE229EC7F4200CC44BB /* HabitOrEventSupplementaryView.swift */,
			);
			path = SupplementaryView;
			sourceTree = "<group>";
		};
		1DC7D8A429ECC9DE00D9DC8A /* TableView Delegate + DataSource */ = {
			isa = PBXGroup;
			children = (
				1DC7D8A529ECCA1C00D9DC8A /* HabitOrEvent + TableViewDataSource.swift */,
				1DC7D8A729ECCA3200D9DC8A /* HabitOrEvent + TableViewDelegate.swift */,
			);
			path = "TableView Delegate + DataSource";
			sourceTree = "<group>";
		};
		1DC8DAA729E5FF7600F6D39E /* HabitOrEvent */ = {
			isa = PBXGroup;
			children = (
				1DC177DC29E30F2300953BF2 /* HabitOrEventViewController.swift */,
				1D42ACD829EC1FC100CC44BB /* HabitOrEvent + Views.swift */,
				1DC7D8A429ECC9DE00D9DC8A /* TableView Delegate + DataSource */,
				1D42ACE629EC850A00CC44BB /* CollectionView Delegate + DataSource */,
				1DC7D8A329ECA2C500D9DC8A /* SupplementaryView */,
				1DC7D8A229ECA2A600D9DC8A /* Cells */,
			);
			path = HabitOrEvent;
			sourceTree = "<group>";
		};
		1DC8DAA829E8278000F6D39E /* Categories */ = {
			isa = PBXGroup;
			children = (
				1DC8DAA929E828F900F6D39E /* CategoriesViewController.swift */,
				1DC8DABF29E9A00C00F6D39E /* CategoriesCell.swift */,
				1D42ACD629EB0DEC00CC44BB /* CategoriesProtocols.swift */,
			);
			path = Categories;
			sourceTree = "<group>";
		};
		1DD7C1E929DB19810085B6A7 = {
			isa = PBXGroup;
			children = (
				1DD7C1F429DB19810085B6A7 /* Tracker */,
				1DD7C1F329DB19810085B6A7 /* Products */,
			);
			sourceTree = "<group>";
		};
		1DD7C1F329DB19810085B6A7 /* Products */ = {
			isa = PBXGroup;
			children = (
				1DD7C1F229DB19810085B6A7 /* Tracker.app */,
			);
			name = Products;
			sourceTree = "<group>";
		};
		1DD7C1F429DB19810085B6A7 /* Tracker */ = {
			isa = PBXGroup;
			children = (
				1DD7C20A29DB27450085B6A7 /* Application */,
				1DB41EF52A0FCCFC00FB0F97 /* Onboarding */,
				1DB41E8E2A04144700FB0F97 /* CoreData */,
				1DD7C20E29DB29670085B6A7 /* TabBar */,
				1DD7C20B29DB27530085B6A7 /* Trackers */,
				1DC177E429E5B60200953BF2 /* NewTracker */,
				1DC8DAA729E5FF7600F6D39E /* HabitOrEvent */,
				1DC8DAA829E8278000F6D39E /* Categories */,
				1D42ACCD29EACE4B00CC44BB /* NewCategory */,
				1D42ACCC29EACDE500CC44BB /* Schedule */,
				1DD7C20F29DB298F0085B6A7 /* Statistic */,
				1DD7C21629DB2D500085B6A7 /* Helpers */,
				1DD7C20929DB270D0085B6A7 /* Resources */,
			);
			path = Tracker;
			sourceTree = "<group>";
		};
		1DD7C20929DB270D0085B6A7 /* Resources */ = {
			isa = PBXGroup;
			children = (
				1DC8DAB729E8C10700F6D39E /* LaunchScreen.storyboard */,
				1DD7C1FE29DB19830085B6A7 /* Assets.xcassets */,
				1DD7C20329DB19830085B6A7 /* Info.plist */,
			);
			path = Resources;
			sourceTree = "<group>";
		};
		1DD7C20A29DB27450085B6A7 /* Application */ = {
			isa = PBXGroup;
			children = (
				1DD7C1F529DB19810085B6A7 /* AppDelegate.swift */,
				1DD7C1F729DB19810085B6A7 /* SceneDelegate.swift */,
			);
			path = Application;
			sourceTree = "<group>";
		};
		1DD7C20B29DB27530085B6A7 /* Trackers */ = {
			isa = PBXGroup;
			children = (
				1DB41F2D2A16B86800FB0F97 /* ViewModels */,
				1DD7C1F929DB19810085B6A7 /* TrackersViewController.swift */,
				1DAC26C629DBA067007A54AB /* TrackersCell.swift */,
				1DAC26C829DDA767007A54AB /* TrackersSupplementaryView.swift */,
				1DC7D8AB29F068CA00D9DC8A /* TrackersCellDelegateProtocol.swift */,
			);
			path = Trackers;
			sourceTree = "<group>";
		};
		1DD7C20E29DB29670085B6A7 /* TabBar */ = {
			isa = PBXGroup;
			children = (
				1DD7C20C29DB29120085B6A7 /* TabBarController.swift */,
			);
			path = TabBar;
			sourceTree = "<group>";
		};
		1DD7C20F29DB298F0085B6A7 /* Statistic */ = {
			isa = PBXGroup;
			children = (
				1DD7C21029DB29AC0085B6A7 /* StatisticViewController.swift */,
			);
			path = Statistic;
			sourceTree = "<group>";
		};
		1DD7C21629DB2D500085B6A7 /* Helpers */ = {
			isa = PBXGroup;
			children = (
				1DB41F222A14213400FB0F97 /* Observable @pw.swift */,
				1DB41E9D2A048FB100FB0F97 /* UIColorMarshalling.swift */,
				1DD7C21229DB2BCF0085B6A7 /* Constants.swift */,
				1D42ACDC29EC30D500CC44BB /* String + Extension.swift */,
				1DD7C21429DB2C820085B6A7 /* UIColor + Extension.swift */,
				1D0EB51F29DDCA9800767D8B /* UIImage + Extension.swift */,
				1DC8DAAD29E852B600F6D39E /* UITextField + Extension.swift */,
				1DC8DABD29E988B500F6D39E /* UIView + Extension.swift */,
				1DC8DABB29E8D82200F6D39E /* UIViewController + Extenstion.swift */,
				1DC7D8A929ED9D5000D9DC8A /* Date + Extension.swift */,
			);
			path = Helpers;
			sourceTree = "<group>";
		};
/* End PBXGroup section */

/* Begin PBXNativeTarget section */
		1DD7C1F129DB19810085B6A7 /* Tracker */ = {
			isa = PBXNativeTarget;
			buildConfigurationList = 1DD7C20629DB19830085B6A7 /* Build configuration list for PBXNativeTarget "Tracker" */;
			buildPhases = (
				1DD7C1EE29DB19810085B6A7 /* Sources */,
				1DD7C1EF29DB19810085B6A7 /* Frameworks */,
				1DD7C1F029DB19810085B6A7 /* Resources */,
			);
			buildRules = (
			);
			dependencies = (
			);
			name = Tracker;
			productName = Tracker;
			productReference = 1DD7C1F229DB19810085B6A7 /* Tracker.app */;
			productType = "com.apple.product-type.application";
		};
/* End PBXNativeTarget section */

/* Begin PBXProject section */
		1DD7C1EA29DB19810085B6A7 /* Project object */ = {
			isa = PBXProject;
			attributes = {
				BuildIndependentTargetsInParallel = 1;
				LastSwiftUpdateCheck = 1340;
				LastUpgradeCheck = 1340;
				TargetAttributes = {
					1DD7C1F129DB19810085B6A7 = {
						CreatedOnToolsVersion = 13.4.1;
					};
				};
			};
			buildConfigurationList = 1DD7C1ED29DB19810085B6A7 /* Build configuration list for PBXProject "Tracker" */;
			compatibilityVersion = "Xcode 13.0";
			developmentRegion = en;
			hasScannedForEncodings = 0;
			knownRegions = (
				en,
				Base,
			);
			mainGroup = 1DD7C1E929DB19810085B6A7;
			productRefGroup = 1DD7C1F329DB19810085B6A7 /* Products */;
			projectDirPath = "";
			projectRoot = "";
			targets = (
				1DD7C1F129DB19810085B6A7 /* Tracker */,
			);
		};
/* End PBXProject section */

/* Begin PBXResourcesBuildPhase section */
		1DD7C1F029DB19810085B6A7 /* Resources */ = {
			isa = PBXResourcesBuildPhase;
			buildActionMask = 2147483647;
			files = (
				1DD7C1FF29DB19830085B6A7 /* Assets.xcassets in Resources */,
				1DC8DAB829E8C10700F6D39E /* LaunchScreen.storyboard in Resources */,
			);
			runOnlyForDeploymentPostprocessing = 0;
		};
/* End PBXResourcesBuildPhase section */

/* Begin PBXSourcesBuildPhase section */
		1DD7C1EE29DB19810085B6A7 /* Sources */ = {
			isa = PBXSourcesBuildPhase;
			buildActionMask = 2147483647;
			files = (
				1DB41EA02A091E3F00FB0F97 /* WeekDayStore.swift in Sources */,
				1DAC26C729DBA067007A54AB /* TrackersCell.swift in Sources */,
				1DB41E942A04147F00FB0F97 /* TrackerRecordStore.swift in Sources */,
				1DB41E922A04147400FB0F97 /* TrackerCategoryStore.swift in Sources */,
				1DC8DABA29E8CD6200F6D39E /* NewCategoryViewController.swift in Sources */,
				1DB41E902A04146800FB0F97 /* TrackerStore.swift in Sources */,
				1D42ACE129EC36D300CC44BB /* HabitOrEventColorCell.swift in Sources */,
				1DD7C1FA29DB19810085B6A7 /* TrackersViewController.swift in Sources */,
				1D42ACE529EC84EC00CC44BB /* HabitOrEvent + CollectionViewDelegate.swift in Sources */,
				1DC8DABC29E8D82200F6D39E /* UIViewController + Extenstion.swift in Sources */,
				1DD7C21529DB2C820085B6A7 /* UIColor + Extension.swift in Sources */,
				1DB41F232A14213400FB0F97 /* Observable @pw.swift in Sources */,
				1DC7D8AA29ED9D5000D9DC8A /* Date + Extension.swift in Sources */,
				1DB41E9A2A0456B700FB0F97 /* Model.xcdatamodeld in Sources */,
				1DC7D8A629ECCA1C00D9DC8A /* HabitOrEvent + TableViewDataSource.swift in Sources */,
				1DB41F2A2A16B7D300FB0F97 /* TrackerCategory.swift in Sources */,
				1D42ACD929EC1FC100CC44BB /* HabitOrEvent + Views.swift in Sources */,
				1DB41F2C2A16B82800FB0F97 /* DaysOfTheWeek.swift in Sources */,
				1DC8DAC029E9A00C00F6D39E /* CategoriesCell.swift in Sources */,
				1DC8DAAA29E828F900F6D39E /* CategoriesViewController.swift in Sources */,
				1D0EB52029DDCA9800767D8B /* UIImage + Extension.swift in Sources */,
				1DB41E9E2A048FB100FB0F97 /* UIColorMarshalling.swift in Sources */,
				1DD7C20D29DB29120085B6A7 /* TabBarController.swift in Sources */,
				1DC8DABE29E988B500F6D39E /* UIView + Extension.swift in Sources */,
				1DB41F282A16B7C700FB0F97 /* Tracker.swift in Sources */,
				1DD7C1F629DB19810085B6A7 /* AppDelegate.swift in Sources */,
				1DB41F212A13E60200FB0F97 /* TrackersCellViewModel.swift in Sources */,
				1DB41F252A1592A800FB0F97 /* TrackersSupplementaryViewModel.swift in Sources */,
				1DD7C21129DB29AC0085B6A7 /* StatisticViewController.swift in Sources */,
				1DC7D8AC29F068CB00D9DC8A /* TrackersCellDelegateProtocol.swift in Sources */,
				1DB41EF92A0FCF8800FB0F97 /* FirstPageViewController.swift in Sources */,
				1DB41F1F2A13E5F500FB0F97 /* TrackersViewModel.swift in Sources */,
				1D42ACCF29EACE7400CC44BB /* ScheduleViewController.swift in Sources */,
				1D42ACD529EAEFDB00CC44BB /* ScheduleProtocols.swift in Sources */,
				1DAC26C929DDA767007A54AB /* TrackersSupplementaryView.swift in Sources */,
				1DB41E9C2A0486D200FB0F97 /* WeekDay.swift in Sources */,
				1DB41EF72A0FCDD900FB0F97 /* OnboardingViewController.swift in Sources */,
				1DC8DAAE29E852B600F6D39E /* UITextField + Extension.swift in Sources */,
				1D0EB52229DDCCFE00767D8B /* TrackerRecord.swift in Sources */,
				1DC177E129E5B5B100953BF2 /* HabitOrEventCell.swift in Sources */,
				1DC177DD29E30F2300953BF2 /* HabitOrEventViewController.swift in Sources */,
				1D42ACD729EB0DEC00CC44BB /* CategoriesProtocols.swift in Sources */,
				1DD7C1F829DB19810085B6A7 /* SceneDelegate.swift in Sources */,
				1DC177D729E2EBCB00953BF2 /* NewTrackerViewController.swift in Sources */,
				1D42ACDD29EC30D500CC44BB /* String + Extension.swift in Sources */,
				1D42ACDF29EC317700CC44BB /* HabitOrEventEmojiCell.swift in Sources */,
				1DB41EFB2A0FCF9100FB0F97 /* SecondPageViewController.swift in Sources */,
				1D42ACD129EACEFC00CC44BB /* ScheduleCell.swift in Sources */,
				1D42ACE329EC7F4200CC44BB /* HabitOrEventSupplementaryView.swift in Sources */,
				1DD7C21329DB2BCF0085B6A7 /* Constants.swift in Sources */,
				1D42ACDB29EC233800CC44BB /* HabitOrEvent + CollectionViewDataSource.swift in Sources */,
				1DC7D8A829ECCA3200D9DC8A /* HabitOrEvent + TableViewDelegate.swift in Sources */,
			);
			runOnlyForDeploymentPostprocessing = 0;
		};
/* End PBXSourcesBuildPhase section */

/* Begin XCBuildConfiguration section */
		1DD7C20429DB19830085B6A7 /* Debug */ = {
			isa = XCBuildConfiguration;
			buildSettings = {
				ALWAYS_SEARCH_USER_PATHS = NO;
				CLANG_ANALYZER_NONNULL = YES;
				CLANG_ANALYZER_NUMBER_OBJECT_CONVERSION = YES_AGGRESSIVE;
				CLANG_CXX_LANGUAGE_STANDARD = "gnu++17";
				CLANG_ENABLE_MODULES = YES;
				CLANG_ENABLE_OBJC_ARC = YES;
				CLANG_ENABLE_OBJC_WEAK = YES;
				CLANG_WARN_BLOCK_CAPTURE_AUTORELEASING = YES;
				CLANG_WARN_BOOL_CONVERSION = YES;
				CLANG_WARN_COMMA = YES;
				CLANG_WARN_CONSTANT_CONVERSION = YES;
				CLANG_WARN_DEPRECATED_OBJC_IMPLEMENTATIONS = YES;
				CLANG_WARN_DIRECT_OBJC_ISA_USAGE = YES_ERROR;
				CLANG_WARN_DOCUMENTATION_COMMENTS = YES;
				CLANG_WARN_EMPTY_BODY = YES;
				CLANG_WARN_ENUM_CONVERSION = YES;
				CLANG_WARN_INFINITE_RECURSION = YES;
				CLANG_WARN_INT_CONVERSION = YES;
				CLANG_WARN_NON_LITERAL_NULL_CONVERSION = YES;
				CLANG_WARN_OBJC_IMPLICIT_RETAIN_SELF = YES;
				CLANG_WARN_OBJC_LITERAL_CONVERSION = YES;
				CLANG_WARN_OBJC_ROOT_CLASS = YES_ERROR;
				CLANG_WARN_QUOTED_INCLUDE_IN_FRAMEWORK_HEADER = YES;
				CLANG_WARN_RANGE_LOOP_ANALYSIS = YES;
				CLANG_WARN_STRICT_PROTOTYPES = YES;
				CLANG_WARN_SUSPICIOUS_MOVE = YES;
				CLANG_WARN_UNGUARDED_AVAILABILITY = YES_AGGRESSIVE;
				CLANG_WARN_UNREACHABLE_CODE = YES;
				CLANG_WARN__DUPLICATE_METHOD_MATCH = YES;
				COPY_PHASE_STRIP = NO;
				DEBUG_INFORMATION_FORMAT = dwarf;
				ENABLE_STRICT_OBJC_MSGSEND = YES;
				ENABLE_TESTABILITY = YES;
				GCC_C_LANGUAGE_STANDARD = gnu11;
				GCC_DYNAMIC_NO_PIC = NO;
				GCC_NO_COMMON_BLOCKS = YES;
				GCC_OPTIMIZATION_LEVEL = 0;
				GCC_PREPROCESSOR_DEFINITIONS = (
					"DEBUG=1",
					"$(inherited)",
				);
				GCC_WARN_64_TO_32_BIT_CONVERSION = YES;
				GCC_WARN_ABOUT_RETURN_TYPE = YES_ERROR;
				GCC_WARN_UNDECLARED_SELECTOR = YES;
				GCC_WARN_UNINITIALIZED_AUTOS = YES_AGGRESSIVE;
				GCC_WARN_UNUSED_FUNCTION = YES;
				GCC_WARN_UNUSED_VARIABLE = YES;
				IPHONEOS_DEPLOYMENT_TARGET = 13.4;
				MTL_ENABLE_DEBUG_INFO = INCLUDE_SOURCE;
				MTL_FAST_MATH = YES;
				ONLY_ACTIVE_ARCH = YES;
				SDKROOT = iphoneos;
				SWIFT_ACTIVE_COMPILATION_CONDITIONS = DEBUG;
				SWIFT_OPTIMIZATION_LEVEL = "-Onone";
			};
			name = Debug;
		};
		1DD7C20529DB19830085B6A7 /* Release */ = {
			isa = XCBuildConfiguration;
			buildSettings = {
				ALWAYS_SEARCH_USER_PATHS = NO;
				CLANG_ANALYZER_NONNULL = YES;
				CLANG_ANALYZER_NUMBER_OBJECT_CONVERSION = YES_AGGRESSIVE;
				CLANG_CXX_LANGUAGE_STANDARD = "gnu++17";
				CLANG_ENABLE_MODULES = YES;
				CLANG_ENABLE_OBJC_ARC = YES;
				CLANG_ENABLE_OBJC_WEAK = YES;
				CLANG_WARN_BLOCK_CAPTURE_AUTORELEASING = YES;
				CLANG_WARN_BOOL_CONVERSION = YES;
				CLANG_WARN_COMMA = YES;
				CLANG_WARN_CONSTANT_CONVERSION = YES;
				CLANG_WARN_DEPRECATED_OBJC_IMPLEMENTATIONS = YES;
				CLANG_WARN_DIRECT_OBJC_ISA_USAGE = YES_ERROR;
				CLANG_WARN_DOCUMENTATION_COMMENTS = YES;
				CLANG_WARN_EMPTY_BODY = YES;
				CLANG_WARN_ENUM_CONVERSION = YES;
				CLANG_WARN_INFINITE_RECURSION = YES;
				CLANG_WARN_INT_CONVERSION = YES;
				CLANG_WARN_NON_LITERAL_NULL_CONVERSION = YES;
				CLANG_WARN_OBJC_IMPLICIT_RETAIN_SELF = YES;
				CLANG_WARN_OBJC_LITERAL_CONVERSION = YES;
				CLANG_WARN_OBJC_ROOT_CLASS = YES_ERROR;
				CLANG_WARN_QUOTED_INCLUDE_IN_FRAMEWORK_HEADER = YES;
				CLANG_WARN_RANGE_LOOP_ANALYSIS = YES;
				CLANG_WARN_STRICT_PROTOTYPES = YES;
				CLANG_WARN_SUSPICIOUS_MOVE = YES;
				CLANG_WARN_UNGUARDED_AVAILABILITY = YES_AGGRESSIVE;
				CLANG_WARN_UNREACHABLE_CODE = YES;
				CLANG_WARN__DUPLICATE_METHOD_MATCH = YES;
				COPY_PHASE_STRIP = NO;
				DEBUG_INFORMATION_FORMAT = "dwarf-with-dsym";
				ENABLE_NS_ASSERTIONS = NO;
				ENABLE_STRICT_OBJC_MSGSEND = YES;
				GCC_C_LANGUAGE_STANDARD = gnu11;
				GCC_NO_COMMON_BLOCKS = YES;
				GCC_WARN_64_TO_32_BIT_CONVERSION = YES;
				GCC_WARN_ABOUT_RETURN_TYPE = YES_ERROR;
				GCC_WARN_UNDECLARED_SELECTOR = YES;
				GCC_WARN_UNINITIALIZED_AUTOS = YES_AGGRESSIVE;
				GCC_WARN_UNUSED_FUNCTION = YES;
				GCC_WARN_UNUSED_VARIABLE = YES;
				IPHONEOS_DEPLOYMENT_TARGET = 13.4;
				MTL_ENABLE_DEBUG_INFO = NO;
				MTL_FAST_MATH = YES;
				SDKROOT = iphoneos;
				SWIFT_COMPILATION_MODE = wholemodule;
				SWIFT_OPTIMIZATION_LEVEL = "-O";
				VALIDATE_PRODUCT = YES;
			};
			name = Release;
		};
		1DD7C20729DB19830085B6A7 /* Debug */ = {
			isa = XCBuildConfiguration;
			buildSettings = {
				ASSETCATALOG_COMPILER_APPICON_NAME = AppIcon;
				ASSETCATALOG_COMPILER_GLOBAL_ACCENT_COLOR_NAME = AccentColor;
				CODE_SIGN_STYLE = Automatic;
				CURRENT_PROJECT_VERSION = 1;
				DEVELOPMENT_TEAM = CCJ53Q5CP4;
				GENERATE_INFOPLIST_FILE = YES;
				INFOPLIST_FILE = Tracker/Resources/Info.plist;
				INFOPLIST_KEY_UIApplicationSupportsIndirectInputEvents = YES;
				INFOPLIST_KEY_UILaunchStoryboardName = LaunchScreen;
				INFOPLIST_KEY_UISupportedInterfaceOrientations = UIInterfaceOrientationPortrait;
				INFOPLIST_KEY_UISupportedInterfaceOrientations_iPad = "UIInterfaceOrientationPortrait UIInterfaceOrientationPortraitUpsideDown UIInterfaceOrientationLandscapeLeft UIInterfaceOrientationLandscapeRight";
				INFOPLIST_KEY_UISupportedInterfaceOrientations_iPhone = "UIInterfaceOrientationPortrait UIInterfaceOrientationLandscapeLeft UIInterfaceOrientationLandscapeRight";
				LD_RUNPATH_SEARCH_PATHS = (
					"$(inherited)",
					"@executable_path/Frameworks",
				);
				MARKETING_VERSION = 1.0;
				PRODUCT_BUNDLE_IDENTIFIER = ru.h3artgg.Tracker;
				PRODUCT_NAME = "$(TARGET_NAME)";
				SWIFT_EMIT_LOC_STRINGS = YES;
				SWIFT_VERSION = 5.0;
				TARGETED_DEVICE_FAMILY = 1;
			};
			name = Debug;
		};
		1DD7C20829DB19830085B6A7 /* Release */ = {
			isa = XCBuildConfiguration;
			buildSettings = {
				ASSETCATALOG_COMPILER_APPICON_NAME = AppIcon;
				ASSETCATALOG_COMPILER_GLOBAL_ACCENT_COLOR_NAME = AccentColor;
				CODE_SIGN_STYLE = Automatic;
				CURRENT_PROJECT_VERSION = 1;
				DEVELOPMENT_TEAM = CCJ53Q5CP4;
				GENERATE_INFOPLIST_FILE = YES;
				INFOPLIST_FILE = Tracker/Resources/Info.plist;
				INFOPLIST_KEY_UIApplicationSupportsIndirectInputEvents = YES;
				INFOPLIST_KEY_UILaunchStoryboardName = LaunchScreen;
				INFOPLIST_KEY_UISupportedInterfaceOrientations = UIInterfaceOrientationPortrait;
				INFOPLIST_KEY_UISupportedInterfaceOrientations_iPad = "UIInterfaceOrientationPortrait UIInterfaceOrientationPortraitUpsideDown UIInterfaceOrientationLandscapeLeft UIInterfaceOrientationLandscapeRight";
				INFOPLIST_KEY_UISupportedInterfaceOrientations_iPhone = "UIInterfaceOrientationPortrait UIInterfaceOrientationLandscapeLeft UIInterfaceOrientationLandscapeRight";
				LD_RUNPATH_SEARCH_PATHS = (
					"$(inherited)",
					"@executable_path/Frameworks",
				);
				MARKETING_VERSION = 1.0;
				PRODUCT_BUNDLE_IDENTIFIER = ru.h3artgg.Tracker;
				PRODUCT_NAME = "$(TARGET_NAME)";
				SWIFT_EMIT_LOC_STRINGS = YES;
				SWIFT_VERSION = 5.0;
				TARGETED_DEVICE_FAMILY = 1;
			};
			name = Release;
		};
/* End XCBuildConfiguration section */

/* Begin XCConfigurationList section */
		1DD7C1ED29DB19810085B6A7 /* Build configuration list for PBXProject "Tracker" */ = {
			isa = XCConfigurationList;
			buildConfigurations = (
				1DD7C20429DB19830085B6A7 /* Debug */,
				1DD7C20529DB19830085B6A7 /* Release */,
			);
			defaultConfigurationIsVisible = 0;
			defaultConfigurationName = Release;
		};
		1DD7C20629DB19830085B6A7 /* Build configuration list for PBXNativeTarget "Tracker" */ = {
			isa = XCConfigurationList;
			buildConfigurations = (
				1DD7C20729DB19830085B6A7 /* Debug */,
				1DD7C20829DB19830085B6A7 /* Release */,
			);
			defaultConfigurationIsVisible = 0;
			defaultConfigurationName = Release;
		};
/* End XCConfigurationList section */

/* Begin XCVersionGroup section */
		1DB41E982A0456B700FB0F97 /* Model.xcdatamodeld */ = {
			isa = XCVersionGroup;
			children = (
				1DB41E992A0456B700FB0F97 /* Model.xcdatamodel */,
			);
			currentVersion = 1DB41E992A0456B700FB0F97 /* Model.xcdatamodel */;
			path = Model.xcdatamodeld;
			sourceTree = "<group>";
			versionGroupType = wrapper.xcdatamodel;
		};
/* End XCVersionGroup section */
	};
	rootObject = 1DD7C1EA29DB19810085B6A7 /* Project object */;
}
